
Microsoft Visual Studio Solution File, Format Version 12.00
# Visual Studio 2012
Project("{E24C65DC-7377-472B-9ABA-BC803B73C61A}") = "ENL", ".", "{10EABDB6-A00F-4428-A768-77486782EC40}"
	ProjectSection(WebsiteProperties) = preProject
		TargetFrameworkMoniker = ".NETFramework,Version%3Dv4.0"
		ProjectReferences = "{fce507e4-49bd-4047-a491-52e0efe87b7d}|ENL.Data.dll;"
		Debug.AspNetCompiler.VirtualPath = "/ENL"
		Debug.AspNetCompiler.PhysicalPath = "..\ENL\"
		Debug.AspNetCompiler.TargetPath = "PrecompiledWeb\ENL\"
		Debug.AspNetCompiler.Updateable = "true"
		Debug.AspNetCompiler.ForceOverwrite = "true"
		Debug.AspNetCompiler.FixedNames = "false"
		Debug.AspNetCompiler.Debug = "True"
		Release.AspNetCompiler.VirtualPath = "/ENL"
		Release.AspNetCompiler.PhysicalPath = "..\ENL\"
		Release.AspNetCompiler.TargetPath = "PrecompiledWeb\ENL\"
		Release.AspNetCompiler.Updateable = "true"
		Release.AspNetCompiler.ForceOverwrite = "true"
		Release.AspNetCompiler.FixedNames = "false"
		Release.AspNetCompiler.Debug = "False"
		VWDPort = "22307"
	EndProjectSection
EndProject
Project("{FAE04EC0-301F-11D3-BF4B-00C04F79EFBC}") = "ENL.Data", "..\ENL.Data\ENL.Data.csproj", "{FCE507E4-49BD-4047-A491-52E0EFE87B7D}"
EndProject
Global
	GlobalSection(SolutionConfigurationPlatforms) = preSolution
		Debug|Any CPU = Debug|Any CPU
		Release|Any CPU = Release|Any CPU
	EndGlobalSection
	GlobalSection(ProjectConfigurationPlatforms) = postSolution
		{10EABDB6-A00F-4428-A768-77486782EC40}.Debug|Any CPU.ActiveCfg = Debug|Any CPU
		{10EABDB6-A00F-4428-A768-77486782EC40}.Debug|Any CPU.Build.0 = Debug|Any CPU
		{10EABDB6-A00F-4428-A768-77486782EC40}.Release|Any CPU.ActiveCfg = Debug|Any CPU
		{10EABDB6-A00F-4428-A768-77486782EC40}.Release|Any CPU.Build.0 = Debug|Any CPU
		{FCE507E4-49BD-4047-A491-52E0EFE87B7D}.Debug|Any CPU.ActiveCfg = Debug|Any CPU
		{FCE507E4-49BD-4047-A491-52E0EFE87B7D}.Debug|Any CPU.Build.0 = Debug|Any CPU
		{FCE507E4-49BD-4047-A491-52E0EFE87B7D}.Release|Any CPU.ActiveCfg = Release|Any CPU
		{FCE507E4-49BD-4047-A491-52E0EFE87B7D}.Release|Any CPU.Build.0 = Release|Any CPU
	EndGlobalSection
	GlobalSection(SolutionProperties) = preSolution
		HideSolutionNode = FALSE
	EndGlobalSection
EndGlobal
